
Microsoft Visual Studio Solution File, Format Version 12.00
# Visual Studio Version 17
VisualStudioVersion = 17.0.32112.339
MinimumVisualStudioVersion = 10.0.40219.1
Project("{FAE04EC0-301F-11D3-BF4B-00C04F79EFBC}") = "ejercicio_1", "ejercicio_1.csproj", "{406A6FF3-459E-42ED-8E30-1CFC59F6C54D}"
EndProject
Global
	GlobalSection(SolutionConfigurationPlatforms) = preSolution
		Debug|Any CPU = Debug|Any CPU
		Release|Any CPU = Release|Any CPU
	EndGlobalSection
	GlobalSection(ProjectConfigurationPlatforms) = postSolution
		{406A6FF3-459E-42ED-8E30-1CFC59F6C54D}.Debug|Any CPU.ActiveCfg = Debug|Any CPU
		{406A6FF3-459E-42ED-8E30-1CFC59F6C54D}.Debug|Any CPU.Build.0 = Debug|Any CPU
		{406A6FF3-459E-42ED-8E30-1CFC59F6C54D}.Release|Any CPU.ActiveCfg = Release|Any CPU
		{406A6FF3-459E-42ED-8E30-1CFC59F6C54D}.Release|Any CPU.Build.0 = Release|Any CPU
	EndGlobalSection
	GlobalSection(SolutionProperties) = preSolution
		HideSolutionNode = FALSE
	EndGlobalSection
	GlobalSection(ExtensibilityGlobals) = postSolution
		SolutionGuid = {4D692408-D61B-4635-B033-DAB5AA56A322}
	EndGlobalSection
EndGlobal
